
Microsoft Visual Studio Solution File, Format Version 12.00
# Visual Studio 15
VisualStudioVersion = 15.0.28010.2041
MinimumVisualStudioVersion = 10.0.40219.1
Project("{FAE04EC0-301F-11D3-BF4B-00C04F79EFBC}") = "DesktopClient", "DesktopClient\DesktopClient.csproj", "{0ECEFA23-0049-4A6A-A149-F238941D60EA}"
EndProject
Project("{FAE04EC0-301F-11D3-BF4B-00C04F79EFBC}") = "Ciphers", "Ciphers\Ciphers.csproj", "{A005341F-D8C2-4542-B088-6254625E5B45}"
EndProject
Global
	GlobalSection(SolutionConfigurationPlatforms) = preSolution
		Debug|Any CPU = Debug|Any CPU
		Release|Any CPU = Release|Any CPU
	EndGlobalSection
	GlobalSection(ProjectConfigurationPlatforms) = postSolution
		{0ECEFA23-0049-4A6A-A149-F238941D60EA}.Debug|Any CPU.ActiveCfg = Debug|Any CPU
		{0ECEFA23-0049-4A6A-A149-F238941D60EA}.Debug|Any CPU.Build.0 = Debug|Any CPU
		{0ECEFA23-0049-4A6A-A149-F238941D60EA}.Release|Any CPU.ActiveCfg = Release|Any CPU
		{0ECEFA23-0049-4A6A-A149-F238941D60EA}.Release|Any CPU.Build.0 = Release|Any CPU
		{A005341F-D8C2-4542-B088-6254625E5B45}.Debug|Any CPU.ActiveCfg = Debug|Any CPU
		{A005341F-D8C2-4542-B088-6254625E5B45}.Debug|Any CPU.Build.0 = Debug|Any CPU
		{A005341F-D8C2-4542-B088-6254625E5B45}.Release|Any CPU.ActiveCfg = Release|Any CPU
		{A005341F-D8C2-4542-B088-6254625E5B45}.Release|Any CPU.Build.0 = Release|Any CPU
	EndGlobalSection
	GlobalSection(SolutionProperties) = preSolution
		HideSolutionNode = FALSE
	EndGlobalSection
	GlobalSection(ExtensibilityGlobals) = postSolution
		SolutionGuid = {AB20A252-7AFA-4041-B1F5-EDFAAD40FAB4}
	EndGlobalSection
EndGlobal
